
Microsoft Visual Studio Solution File, Format Version 12.00
# Visual Studio Version 17
VisualStudioVersion = 17.0.31903.59
MinimumVisualStudioVersion = 10.0.40219.1
Project("{FAE04EC0-301F-11D3-BF4B-00C04F79EFBC}") = "GamePlatformRepo.Core", "GamePlatformRepo.Core\GamePlatformRepo.Core.csproj", "{1FD435BE-8568-4789-9B69-FF223C8F8CD6}"
EndProject
Project("{FAE04EC0-301F-11D3-BF4B-00C04F79EFBC}") = "GamePlatformRepo.InfraStructure", "GamePlatformRepo.InfraStructure\GamePlatformRepo.InfraStructure.csproj", "{F5A6F6D7-43C9-41BD-8517-984EBF033063}"
EndProject
Project("{FAE04EC0-301F-11D3-BF4B-00C04F79EFBC}") = "GamePlatformRepo.Presentation", "GamePlatformRepo.Presentation\GamePlatformRepo.Presentation.csproj", "{204ED947-62E6-479D-9246-93CDD89B1E44}"
EndProject
Global
	GlobalSection(SolutionConfigurationPlatforms) = preSolution
		Debug|Any CPU = Debug|Any CPU
		Release|Any CPU = Release|Any CPU
	EndGlobalSection
	GlobalSection(SolutionProperties) = preSolution
		HideSolutionNode = FALSE
	EndGlobalSection
	GlobalSection(ProjectConfigurationPlatforms) = postSolution
		{1FD435BE-8568-4789-9B69-FF223C8F8CD6}.Debug|Any CPU.ActiveCfg = Debug|Any CPU
		{1FD435BE-8568-4789-9B69-FF223C8F8CD6}.Debug|Any CPU.Build.0 = Debug|Any CPU
		{1FD435BE-8568-4789-9B69-FF223C8F8CD6}.Release|Any CPU.ActiveCfg = Release|Any CPU
		{1FD435BE-8568-4789-9B69-FF223C8F8CD6}.Release|Any CPU.Build.0 = Release|Any CPU
		{F5A6F6D7-43C9-41BD-8517-984EBF033063}.Debug|Any CPU.ActiveCfg = Debug|Any CPU
		{F5A6F6D7-43C9-41BD-8517-984EBF033063}.Debug|Any CPU.Build.0 = Debug|Any CPU
		{F5A6F6D7-43C9-41BD-8517-984EBF033063}.Release|Any CPU.ActiveCfg = Release|Any CPU
		{F5A6F6D7-43C9-41BD-8517-984EBF033063}.Release|Any CPU.Build.0 = Release|Any CPU
		{204ED947-62E6-479D-9246-93CDD89B1E44}.Debug|Any CPU.ActiveCfg = Debug|Any CPU
		{204ED947-62E6-479D-9246-93CDD89B1E44}.Debug|Any CPU.Build.0 = Debug|Any CPU
		{204ED947-62E6-479D-9246-93CDD89B1E44}.Release|Any CPU.ActiveCfg = Release|Any CPU
		{204ED947-62E6-479D-9246-93CDD89B1E44}.Release|Any CPU.Build.0 = Release|Any CPU
	EndGlobalSection
EndGlobal
